{
  "lockfileVersion": 1,
  "workspaces": {
    "": {
      "name": "tmp",
      "dependencies": {
        "@lagoon-protocol/v0-core": "v0.9.0",
        "@lagoon-protocol/v0-viem": "v0.9.0",
        "viem": "^2.37.9",
      },
      "devDependencies": {
        "@types/bun": "latest",
      },
      "peerDependencies": {
        "typescript": "^5.8.3",
      },
    },
  },
  "packages": {
    "@adraffy/ens-normalize": ["@adraffy/ens-normalize@1.11.0", "", {}, "sha512-/3DDPKHqqIqxUULp8yP4zODUY1i+2xvVWsv8A79xGWdCAG+8sb0hRh0Rk2QyOJUnnbyPUAZYcpBuRe3nS2OIUg=="],

    "@lagoon-protocol/v0-core": ["@lagoon-protocol/v0-core@0.9.0", "", { "peerDependencies": { "typescript": "^5" } }, "sha512-FamZwwXJx/5yikNZ+9dDo0ErK6zX0AKTfzOOrvP6p1D5Z6YGktPm8q0+lzB8HUkV4T6UrmMI5wSE8W6dw7WTNg=="],

    "@lagoon-protocol/v0-viem": ["@lagoon-protocol/v0-viem@0.9.0", "", { "peerDependencies": { "@lagoon-protocol/v0-core": "0.9.0", "viem": "^2.0.0" } }, "sha512-2pwQL6iYLiIGwc8K40/0OyziF4GFBRIFh7knPeqv2omSAi+6ryf+WQkWLvh2ZR3O7YEdMd7tBeetJ3PzGgkDVg=="],

    "@noble/ciphers": ["@noble/ciphers@1.3.0", "", {}, "sha512-2I0gnIVPtfnMw9ee9h1dJG7tp81+8Ob3OJb3Mv37rx5L40/b0i7djjCVvGOVqc9AEIQyvyu1i6ypKdFw8R8gQw=="],

    "@noble/curves": ["@noble/curves@1.9.1", "", { "dependencies": { "@noble/hashes": "1.8.0" } }, "sha512-k11yZxZg+t+gWvBbIswW0yoJlu8cHOC7dhunwOzoWH/mXGBiYyR4YY6hAEK/3EUs4UpB8la1RfdRpeGsFHkWsA=="],

    "@noble/hashes": ["@noble/hashes@1.8.0", "", {}, "sha512-jCs9ldd7NwzpgXDIf6P3+NrHh9/sD6CQdxHyjQI+h/6rDNo88ypBxxz45UDuZHz9r3tNz7N/VInSVoVdtXEI4A=="],

    "@scure/base": ["@scure/base@1.2.6", "", {}, "sha512-g/nm5FgUa//MCj1gV09zTJTaM6KBAHqLN907YVQqf7zC49+DcO4B1so4ZX07Ef10Twr6nuqYEH9GEggFXA4Fmg=="],

    "@scure/bip32": ["@scure/bip32@1.7.0", "", { "dependencies": { "@noble/curves": "~1.9.0", "@noble/hashes": "~1.8.0", "@scure/base": "~1.2.5" } }, "sha512-E4FFX/N3f4B80AKWp5dP6ow+flD1LQZo/w8UnLGYZO674jS6YnYeepycOOksv+vLPSpgN35wgKgy+ybfTb2SMw=="],

    "@scure/bip39": ["@scure/bip39@1.6.0", "", { "dependencies": { "@noble/hashes": "~1.8.0", "@scure/base": "~1.2.5" } }, "sha512-+lF0BbLiJNwVlev4eKelw1WWLaiKXw7sSl8T6FvBlWkdX+94aGJ4o8XjUdlyhTCjd8c+B3KT3JfS8P0bLRNU6A=="],

    "@types/bun": ["@types/bun@1.2.19", "", { "dependencies": { "bun-types": "1.2.19" } }, "sha512-d9ZCmrH3CJ2uYKXQIUuZ/pUnTqIvLDS0SK7pFmbx8ma+ziH/FRMoAq5bYpRG7y+w1gl+HgyNZbtqgMq4W4e2Lg=="],

    "@types/node": ["@types/node@24.2.0", "", { "dependencies": { "undici-types": "~7.10.0" } }, "sha512-3xyG3pMCq3oYCNg7/ZP+E1ooTaGB4cG8JWRsqqOYQdbWNY4zbaV0Ennrd7stjiJEFZCaybcIgpTjJWHRfBSIDw=="],

    "@types/react": ["@types/react@19.1.9", "", { "dependencies": { "csstype": "^3.0.2" } }, "sha512-WmdoynAX8Stew/36uTSVMcLJJ1KRh6L3IZRx1PZ7qJtBqT3dYTgyDTx8H1qoRghErydW7xw9mSJ3wS//tCRpFA=="],

    "abitype": ["abitype@1.1.0", "", { "peerDependencies": { "typescript": ">=5.0.4", "zod": "^3.22.0 || ^4.0.0" }, "optionalPeers": ["typescript", "zod"] }, "sha512-6Vh4HcRxNMLA0puzPjM5GBgT4aAcFGKZzSgAXvuZ27shJP6NEpielTuqbBmZILR5/xd0PizkBGy5hReKz9jl5A=="],

    "bun-types": ["bun-types@1.2.19", "", { "dependencies": { "@types/node": "*" }, "peerDependencies": { "@types/react": "^19" } }, "sha512-uAOTaZSPuYsWIXRpj7o56Let0g/wjihKCkeRqUBhlLVM/Bt+Fj9xTo+LhC1OV1XDaGkz4hNC80et5xgy+9KTHQ=="],

    "csstype": ["csstype@3.1.3", "", {}, "sha512-M1uQkMl8rQK/szD0LNhtqxIPLpimGm8sOBwU7lLnCpSbTyY3yeU1Vc7l4KT5zT4s/yOxHH5O7tIuuLOCnLADRw=="],

    "eventemitter3": ["eventemitter3@5.0.1", "", {}, "sha512-GWkBvjiSZK87ELrYOSESUYeVIc9mvLLf/nXalMOS5dYrgZq9o5OVkbZAVM06CVxYsCwH9BDZFPlQTlPA1j4ahA=="],

    "isows": ["isows@1.0.7", "", { "peerDependencies": { "ws": "*" } }, "sha512-I1fSfDCZL5P0v33sVqeTDSpcstAg/N+wF5HS033mogOVIp4B+oHC7oOCsA3axAbBSGTJ8QubbNmnIRN/h8U7hg=="],

    "ox": ["ox@0.9.6", "", { "dependencies": { "@adraffy/ens-normalize": "^1.11.0", "@noble/ciphers": "^1.3.0", "@noble/curves": "1.9.1", "@noble/hashes": "^1.8.0", "@scure/bip32": "^1.7.0", "@scure/bip39": "^1.6.0", "abitype": "^1.0.9", "eventemitter3": "5.0.1" }, "peerDependencies": { "typescript": ">=5.4.0" }, "optionalPeers": ["typescript"] }, "sha512-8SuCbHPvv2eZLYXrNmC0EC12rdzXQLdhnOMlHDW2wiCPLxBrOOJwX5L5E61by+UjTPOryqQiRSnjIKCI+GykKg=="],

    "typescript": ["typescript@5.9.2", "", { "bin": { "tsc": "bin/tsc", "tsserver": "bin/tsserver" } }, "sha512-CWBzXQrc/qOkhidw1OzBTQuYRbfyxDXJMVJ1XNwUHGROVmuaeiEm3OslpZ1RV96d7SKKjZKrSJu3+t/xlw3R9A=="],

    "undici-types": ["undici-types@7.10.0", "", {}, "sha512-t5Fy/nfn+14LuOc2KNYg75vZqClpAiqscVvMygNnlsHBFpSXdJaYtXMcdNLpl/Qvc3P2cB3s6lOV51nqsFq4ag=="],

    "viem": ["viem@2.37.9", "", { "dependencies": { "@noble/curves": "1.9.1", "@noble/hashes": "1.8.0", "@scure/bip32": "1.7.0", "@scure/bip39": "1.6.0", "abitype": "1.1.0", "isows": "1.0.7", "ox": "0.9.6", "ws": "8.18.3" }, "peerDependencies": { "typescript": ">=5.0.4" }, "optionalPeers": ["typescript"] }, "sha512-XXUOE5yJcjr9/M9kRoQcPMUfetwHprO9aTho6vNELjBKJIBx7rYq1fjvBw+xEnhsRjhh5lsORi6B0h8fYFB7NA=="],

    "ws": ["ws@8.18.3", "", { "peerDependencies": { "bufferutil": "^4.0.1", "utf-8-validate": ">=5.0.2" }, "optionalPeers": ["bufferutil", "utf-8-validate"] }, "sha512-PEIGCY5tSlUt50cqyMXfCzX+oOPqN0vuGqWzbcJ2xvnkzkq46oOpz7dQaTDBdfICb4N14+GARUDw2XV2N4tvzg=="],

    "@scure/bip32/@noble/curves": ["@noble/curves@1.9.2", "", { "dependencies": { "@noble/hashes": "1.8.0" } }, "sha512-HxngEd2XUcg9xi20JkwlLCtYwfoFw4JGkuZpT+WlsPD4gB/cxkvTD8fSsoAnphGZhFdZYKeQIPCuFlWPm1uE0g=="],
  }
}
